
Microsoft Visual Studio Solution File, Format Version 12.00
# Visual Studio 15
VisualStudioVersion = 15.0.28307.489
MinimumVisualStudioVersion = 10.0.40219.1
Project("{8BC9CEB8-8B4A-11D0-8D11-00A0C91BC942}") = "Windows Programming", "Windows Programming\Windows Programming.vcxproj", "{F3D3D9ED-385A-4EF4-A6C3-F2E8A355C059}"
EndProject
Global
	GlobalSection(SolutionConfigurationPlatforms) = preSolution
		Debug|x64 = Debug|x64
		Debug|x86 = Debug|x86
		Release|x64 = Release|x64
		Release|x86 = Release|x86
	EndGlobalSection
	GlobalSection(ProjectConfigurationPlatforms) = postSolution
		{F3D3D9ED-385A-4EF4-A6C3-F2E8A355C059}.Debug|x64.ActiveCfg = Debug|x64
		{F3D3D9ED-385A-4EF4-A6C3-F2E8A355C059}.Debug|x64.Build.0 = Debug|x64
		{F3D3D9ED-385A-4EF4-A6C3-F2E8A355C059}.Debug|x86.ActiveCfg = Debug|Win32
		{F3D3D9ED-385A-4EF4-A6C3-F2E8A355C059}.Debug|x86.Build.0 = Debug|Win32
		{F3D3D9ED-385A-4EF4-A6C3-F2E8A355C059}.Release|x64.ActiveCfg = Release|x64
		{F3D3D9ED-385A-4EF4-A6C3-F2E8A355C059}.Release|x64.Build.0 = Release|x64
		{F3D3D9ED-385A-4EF4-A6C3-F2E8A355C059}.Release|x86.ActiveCfg = Release|Win32
		{F3D3D9ED-385A-4EF4-A6C3-F2E8A355C059}.Release|x86.Build.0 = Release|Win32
	EndGlobalSection
	GlobalSection(SolutionProperties) = preSolution
		HideSolutionNode = FALSE
	EndGlobalSection
	GlobalSection(ExtensibilityGlobals) = postSolution
		SolutionGuid = {4973151E-8EFB-44C7-9166-2BFAFCD9D4C1}
	EndGlobalSection
EndGlobal
